
Microsoft Visual Studio Solution File, Format Version 12.00
# Visual Studio Version 17
VisualStudioVersion = 17.9.34622.214
MinimumVisualStudioVersion = 10.0.40219.1
Project("{FAE04EC0-301F-11D3-BF4B-00C04F79EFBC}") = "PdfToXls", "PdfToXls.csproj", "{D4A44638-882E-47A8-96E8-5EFA5F76637D}"
EndProject
Global
	GlobalSection(SolutionConfigurationPlatforms) = preSolution
		Debug|Any CPU = Debug|Any CPU
		Release|Any CPU = Release|Any CPU
	EndGlobalSection
	GlobalSection(ProjectConfigurationPlatforms) = postSolution
		{D4A44638-882E-47A8-96E8-5EFA5F76637D}.Debug|Any CPU.ActiveCfg = Debug|Any CPU
		{D4A44638-882E-47A8-96E8-5EFA5F76637D}.Debug|Any CPU.Build.0 = Debug|Any CPU
		{D4A44638-882E-47A8-96E8-5EFA5F76637D}.Release|Any CPU.ActiveCfg = Release|Any CPU
		{D4A44638-882E-47A8-96E8-5EFA5F76637D}.Release|Any CPU.Build.0 = Release|Any CPU
	EndGlobalSection
	GlobalSection(SolutionProperties) = preSolution
		HideSolutionNode = FALSE
	EndGlobalSection
	GlobalSection(ExtensibilityGlobals) = postSolution
		SolutionGuid = {6629C5B1-D824-418F-A194-0FADE467A5D9}
	EndGlobalSection
EndGlobal
